
Microsoft Visual Studio Solution File, Format Version 12.00
# Visual Studio Version 17
VisualStudioVersion = 17.11.35312.102
MinimumVisualStudioVersion = 10.0.40219.1
Project("{2150E333-8FDC-42A3-9474-1A3956D46DE8}") = "Core", "Core", "{DCA3C7B8-1449-4543-B7D0-417E022B8491}"
EndProject
Project("{9A19103F-16F7-4668-BE54-9A1E7A4F7556}") = "RentaCar.Domain", "Core\RentaCar.Domain\RentaCar.Domain.csproj", "{3CC41B13-1B22-4485-8FFE-71F4388076B3}"
EndProject
Project("{2150E333-8FDC-42A3-9474-1A3956D46DE8}") = "Infrastructure", "Infrastructure", "{72BD32EE-81C1-460A-8829-570CA5E462AB}"
EndProject
Project("{9A19103F-16F7-4668-BE54-9A1E7A4F7556}") = "RentACar.Persistence", "Infrastructure\RentACar.Persistence\RentACar.Persistence.csproj", "{E7758204-125D-4488-AA6E-EF0D27702509}"
EndProject
Project("{2150E333-8FDC-42A3-9474-1A3956D46DE8}") = "Presentation", "Presentation", "{513C79B4-59CA-49F9-B288-FC2D6CCC5A3B}"
EndProject
Project("{9A19103F-16F7-4668-BE54-9A1E7A4F7556}") = "RentACar.WebApi", "Presentation\RentACar.WebApi\RentACar.WebApi.csproj", "{2C0F827E-493A-476D-9F7B-8920AD12285A}"
EndProject
Project("{9A19103F-16F7-4668-BE54-9A1E7A4F7556}") = "RentACar.Application", "Core\RentACar.Application\RentACar.Application.csproj", "{40743D89-785A-47D3-933A-E76FCF94FAFD}"
EndProject
Project("{2150E333-8FDC-42A3-9474-1A3956D46DE8}") = "Frontends", "Frontends", "{26D13C05-73EB-4769-B38A-E803AD15A4AD}"
EndProject
Project("{9A19103F-16F7-4668-BE54-9A1E7A4F7556}") = "RentACar.WebUI", "Frontends\RentACar.WebUI\RentACar.WebUI.csproj", "{D16DD807-4001-42AB-98DC-19DF9EB0A8E9}"
EndProject
Project("{9A19103F-16F7-4668-BE54-9A1E7A4F7556}") = "RentACar.Dto", "Frontends\RentACar.Dto\RentACar.Dto.csproj", "{899BFFB5-D120-47AC-AEDC-AAE96EE15DCB}"
EndProject
Global
	GlobalSection(SolutionConfigurationPlatforms) = preSolution
		Debug|Any CPU = Debug|Any CPU
		Release|Any CPU = Release|Any CPU
	EndGlobalSection
	GlobalSection(ProjectConfigurationPlatforms) = postSolution
		{3CC41B13-1B22-4485-8FFE-71F4388076B3}.Debug|Any CPU.ActiveCfg = Debug|Any CPU
		{3CC41B13-1B22-4485-8FFE-71F4388076B3}.Debug|Any CPU.Build.0 = Debug|Any CPU
		{3CC41B13-1B22-4485-8FFE-71F4388076B3}.Release|Any CPU.ActiveCfg = Release|Any CPU
		{3CC41B13-1B22-4485-8FFE-71F4388076B3}.Release|Any CPU.Build.0 = Release|Any CPU
		{E7758204-125D-4488-AA6E-EF0D27702509}.Debug|Any CPU.ActiveCfg = Debug|Any CPU
		{E7758204-125D-4488-AA6E-EF0D27702509}.Debug|Any CPU.Build.0 = Debug|Any CPU
		{E7758204-125D-4488-AA6E-EF0D27702509}.Release|Any CPU.ActiveCfg = Release|Any CPU
		{E7758204-125D-4488-AA6E-EF0D27702509}.Release|Any CPU.Build.0 = Release|Any CPU
		{2C0F827E-493A-476D-9F7B-8920AD12285A}.Debug|Any CPU.ActiveCfg = Debug|Any CPU
		{2C0F827E-493A-476D-9F7B-8920AD12285A}.Debug|Any CPU.Build.0 = Debug|Any CPU
		{2C0F827E-493A-476D-9F7B-8920AD12285A}.Release|Any CPU.ActiveCfg = Release|Any CPU
		{2C0F827E-493A-476D-9F7B-8920AD12285A}.Release|Any CPU.Build.0 = Release|Any CPU
		{40743D89-785A-47D3-933A-E76FCF94FAFD}.Debug|Any CPU.ActiveCfg = Debug|Any CPU
		{40743D89-785A-47D3-933A-E76FCF94FAFD}.Debug|Any CPU.Build.0 = Debug|Any CPU
		{40743D89-785A-47D3-933A-E76FCF94FAFD}.Release|Any CPU.ActiveCfg = Release|Any CPU
		{40743D89-785A-47D3-933A-E76FCF94FAFD}.Release|Any CPU.Build.0 = Release|Any CPU
		{D16DD807-4001-42AB-98DC-19DF9EB0A8E9}.Debug|Any CPU.ActiveCfg = Debug|Any CPU
		{D16DD807-4001-42AB-98DC-19DF9EB0A8E9}.Debug|Any CPU.Build.0 = Debug|Any CPU
		{D16DD807-4001-42AB-98DC-19DF9EB0A8E9}.Release|Any CPU.ActiveCfg = Release|Any CPU
		{D16DD807-4001-42AB-98DC-19DF9EB0A8E9}.Release|Any CPU.Build.0 = Release|Any CPU
		{899BFFB5-D120-47AC-AEDC-AAE96EE15DCB}.Debug|Any CPU.ActiveCfg = Debug|Any CPU
		{899BFFB5-D120-47AC-AEDC-AAE96EE15DCB}.Debug|Any CPU.Build.0 = Debug|Any CPU
		{899BFFB5-D120-47AC-AEDC-AAE96EE15DCB}.Release|Any CPU.ActiveCfg = Release|Any CPU
		{899BFFB5-D120-47AC-AEDC-AAE96EE15DCB}.Release|Any CPU.Build.0 = Release|Any CPU
	EndGlobalSection
	GlobalSection(SolutionProperties) = preSolution
		HideSolutionNode = FALSE
	EndGlobalSection
	GlobalSection(NestedProjects) = preSolution
		{3CC41B13-1B22-4485-8FFE-71F4388076B3} = {DCA3C7B8-1449-4543-B7D0-417E022B8491}
		{E7758204-125D-4488-AA6E-EF0D27702509} = {72BD32EE-81C1-460A-8829-570CA5E462AB}
		{2C0F827E-493A-476D-9F7B-8920AD12285A} = {513C79B4-59CA-49F9-B288-FC2D6CCC5A3B}
		{40743D89-785A-47D3-933A-E76FCF94FAFD} = {DCA3C7B8-1449-4543-B7D0-417E022B8491}
		{D16DD807-4001-42AB-98DC-19DF9EB0A8E9} = {26D13C05-73EB-4769-B38A-E803AD15A4AD}
		{899BFFB5-D120-47AC-AEDC-AAE96EE15DCB} = {26D13C05-73EB-4769-B38A-E803AD15A4AD}
	EndGlobalSection
	GlobalSection(ExtensibilityGlobals) = postSolution
		SolutionGuid = {35CB4175-355B-4182-8BBE-9ACE81ACF44A}
	EndGlobalSection
EndGlobal
